// !$*UTF8*$!
{
	archiveVersion = 1;
	classes = {
	};
	objectVersion = 56;
	objects = {

/* Begin PBXBuildFile section */
		A438CCE42A6AE07100EF43CC /* resorts.json in Resources */ = {isa = PBXBuildFile; fileRef = A438CCE32A6AE07100EF43CC /* resorts.json */; };
		A438CCE62A6AE1A800EF43CC /* Resort.swift in Sources */ = {isa = PBXBuildFile; fileRef = A438CCE52A6AE1A800EF43CC /* Resort.swift */; };
		A438CCE82A6AE2AA00EF43CC /* Bundle-Decodable.swift in Sources */ = {isa = PBXBuildFile; fileRef = A438CCE72A6AE2AA00EF43CC /* Bundle-Decodable.swift */; };
		A438CCEA2A6AEBAE00EF43CC /* WelcomeView.swift in Sources */ = {isa = PBXBuildFile; fileRef = A438CCE92A6AEBAE00EF43CC /* WelcomeView.swift */; };
		A438CCEC2A6AF56700EF43CC /* ResortView.swift in Sources */ = {isa = PBXBuildFile; fileRef = A438CCEB2A6AF56700EF43CC /* ResortView.swift */; };
		A438CCEE2A6AF70F00EF43CC /* SkiDetailsView.swift in Sources */ = {isa = PBXBuildFile; fileRef = A438CCED2A6AF70F00EF43CC /* SkiDetailsView.swift */; };
		A438CCF02A6AF88D00EF43CC /* ResortDetailsView.swift in Sources */ = {isa = PBXBuildFile; fileRef = A438CCEF2A6AF88D00EF43CC /* ResortDetailsView.swift */; };
		A4852E7C2A6C462B0074992E /* Facility.swift in Sources */ = {isa = PBXBuildFile; fileRef = A4852E7B2A6C462B0074992E /* Facility.swift */; };
		A4852E7E2A6C4D240074992E /* Favorites.swift in Sources */ = {isa = PBXBuildFile; fileRef = A4852E7D2A6C4D240074992E /* Favorites.swift */; };
		A4CFBC342A69EAAF0028B582 /* SnowSeekerApp.swift in Sources */ = {isa = PBXBuildFile; fileRef = A4CFBC332A69EAAF0028B582 /* SnowSeekerApp.swift */; };
		A4CFBC362A69EAAF0028B582 /* ContentView.swift in Sources */ = {isa = PBXBuildFile; fileRef = A4CFBC352A69EAAF0028B582 /* ContentView.swift */; };
		A4CFBC382A69EAB00028B582 /* Assets.xcassets in Resources */ = {isa = PBXBuildFile; fileRef = A4CFBC372A69EAB00028B582 /* Assets.xcassets */; };
		A4CFBC3B2A69EAB00028B582 /* Preview Assets.xcassets in Resources */ = {isa = PBXBuildFile; fileRef = A4CFBC3A2A69EAB00028B582 /* Preview Assets.xcassets */; };
/* End PBXBuildFile section */

/* Begin PBXFileReference section */
		A438CCE32A6AE07100EF43CC /* resorts.json */ = {isa = PBXFileReference; fileEncoding = 4; lastKnownFileType = text.json; path = resorts.json; sourceTree = "<group>"; };
		A438CCE52A6AE1A800EF43CC /* Resort.swift */ = {isa = PBXFileReference; lastKnownFileType = sourcecode.swift; path = Resort.swift; sourceTree = "<group>"; };
		A438CCE72A6AE2AA00EF43CC /* Bundle-Decodable.swift */ = {isa = PBXFileReference; lastKnownFileType = sourcecode.swift; path = "Bundle-Decodable.swift"; sourceTree = "<group>"; };
		A438CCE92A6AEBAE00EF43CC /* WelcomeView.swift */ = {isa = PBXFileReference; lastKnownFileType = sourcecode.swift; path = WelcomeView.swift; sourceTree = "<group>"; };
		A438CCEB2A6AF56700EF43CC /* ResortView.swift */ = {isa = PBXFileReference; lastKnownFileType = sourcecode.swift; path = ResortView.swift; sourceTree = "<group>"; };
		A438CCED2A6AF70F00EF43CC /* SkiDetailsView.swift */ = {isa = PBXFileReference; lastKnownFileType = sourcecode.swift; path = SkiDetailsView.swift; sourceTree = "<group>"; };
		A438CCEF2A6AF88D00EF43CC /* ResortDetailsView.swift */ = {isa = PBXFileReference; lastKnownFileType = sourcecode.swift; path = ResortDetailsView.swift; sourceTree = "<group>"; };
		A4852E7B2A6C462B0074992E /* Facility.swift */ = {isa = PBXFileReference; lastKnownFileType = sourcecode.swift; path = Facility.swift; sourceTree = "<group>"; };
		A4852E7D2A6C4D240074992E /* Favorites.swift */ = {isa = PBXFileReference; lastKnownFileType = sourcecode.swift; path = Favorites.swift; sourceTree = "<group>"; };
		A4CFBC302A69EAAF0028B582 /* SnowSeeker.app */ = {isa = PBXFileReference; explicitFileType = wrapper.application; includeInIndex = 0; path = SnowSeeker.app; sourceTree = BUILT_PRODUCTS_DIR; };
		A4CFBC332A69EAAF0028B582 /* SnowSeekerApp.swift */ = {isa = PBXFileReference; lastKnownFileType = sourcecode.swift; path = SnowSeekerApp.swift; sourceTree = "<group>"; };
		A4CFBC352A69EAAF0028B582 /* ContentView.swift */ = {isa = PBXFileReference; lastKnownFileType = sourcecode.swift; path = ContentView.swift; sourceTree = "<group>"; };
		A4CFBC372A69EAB00028B582 /* Assets.xcassets */ = {isa = PBXFileReference; lastKnownFileType = folder.assetcatalog; path = Assets.xcassets; sourceTree = "<group>"; };
		A4CFBC3A2A69EAB00028B582 /* Preview Assets.xcassets */ = {isa = PBXFileReference; lastKnownFileType = folder.assetcatalog; path = "Preview Assets.xcassets"; sourceTree = "<group>"; };
/* End PBXFileReference section */

/* Begin PBXFrameworksBuildPhase section */
		A4CFBC2D2A69EAAF0028B582 /* Frameworks */ = {
			isa = PBXFrameworksBuildPhase;
			buildActionMask = 2147483647;
			files = (
			);
			runOnlyForDeploymentPostprocessing = 0;
		};
/* End PBXFrameworksBuildPhase section */

/* Begin PBXGroup section */
		A4CFBC272A69EAAF0028B582 = {
			isa = PBXGroup;
			children = (
				A4CFBC322A69EAAF0028B582 /* SnowSeeker */,
				A4CFBC312A69EAAF0028B582 /* Products */,
			);
			sourceTree = "<group>";
		};
		A4CFBC312A69EAAF0028B582 /* Products */ = {
			isa = PBXGroup;
			children = (
				A4CFBC302A69EAAF0028B582 /* SnowSeeker.app */,
			);
			name = Products;
			sourceTree = "<group>";
		};
		A4CFBC322A69EAAF0028B582 /* SnowSeeker */ = {
			isa = PBXGroup;
			children = (
				A4CFBC332A69EAAF0028B582 /* SnowSeekerApp.swift */,
				A4CFBC352A69EAAF0028B582 /* ContentView.swift */,
				A438CCEB2A6AF56700EF43CC /* ResortView.swift */,
				A4852E7D2A6C4D240074992E /* Favorites.swift */,
				A4852E7B2A6C462B0074992E /* Facility.swift */,
				A438CCED2A6AF70F00EF43CC /* SkiDetailsView.swift */,
				A438CCEF2A6AF88D00EF43CC /* ResortDetailsView.swift */,
				A438CCE92A6AEBAE00EF43CC /* WelcomeView.swift */,
				A438CCE52A6AE1A800EF43CC /* Resort.swift */,
				A438CCE72A6AE2AA00EF43CC /* Bundle-Decodable.swift */,
				A438CCE32A6AE07100EF43CC /* resorts.json */,
				A4CFBC372A69EAB00028B582 /* Assets.xcassets */,
				A4CFBC392A69EAB00028B582 /* Preview Content */,
			);
			path = SnowSeeker;
			sourceTree = "<group>";
		};
		A4CFBC392A69EAB00028B582 /* Preview Content */ = {
			isa = PBXGroup;
			children = (
				A4CFBC3A2A69EAB00028B582 /* Preview Assets.xcassets */,
			);
			path = "Preview Content";
			sourceTree = "<group>";
		};
/* End PBXGroup section */

/* Begin PBXNativeTarget section */
		A4CFBC2F2A69EAAF0028B582 /* SnowSeeker */ = {
			isa = PBXNativeTarget;
			buildConfigurationList = A4CFBC3E2A69EAB00028B582 /* Build configuration list for PBXNativeTarget "SnowSeeker" */;
			buildPhases = (
				A4CFBC2C2A69EAAF0028B582 /* Sources */,
				A4CFBC2D2A69EAAF0028B582 /* Frameworks */,
				A4CFBC2E2A69EAAF0028B582 /* Resources */,
			);
			buildRules = (
			);
			dependencies = (
			);
			name = SnowSeeker;
			productName = SnowSeeker;
			productReference = A4CFBC302A69EAAF0028B582 /* SnowSeeker.app */;
			productType = "com.apple.product-type.application";
		};
/* End PBXNativeTarget section */

/* Begin PBXProject section */
		A4CFBC282A69EAAF0028B582 /* Project object */ = {
			isa = PBXProject;
			attributes = {
				BuildIndependentTargetsInParallel = 1;
				LastSwiftUpdateCheck = 1430;
				LastUpgradeCheck = 1430;
				TargetAttributes = {
					A4CFBC2F2A69EAAF0028B582 = {
						CreatedOnToolsVersion = 14.3.1;
					};
				};
			};
			buildConfigurationList = A4CFBC2B2A69EAAF0028B582 /* Build configuration list for PBXProject "SnowSeeker" */;
			compatibilityVersion = "Xcode 14.0";
			developmentRegion = en;
			hasScannedForEncodings = 0;
			knownRegions = (
				en,
				Base,
			);
			mainGroup = A4CFBC272A69EAAF0028B582;
			productRefGroup = A4CFBC312A69EAAF0028B582 /* Products */;
			projectDirPath = "";
			projectRoot = "";
			targets = (
				A4CFBC2F2A69EAAF0028B582 /* SnowSeeker */,
			);
		};
/* End PBXProject section */

/* Begin PBXResourcesBuildPhase section */
		A4CFBC2E2A69EAAF0028B582 /* Resources */ = {
			isa = PBXResourcesBuildPhase;
			buildActionMask = 2147483647;
			files = (
				A438CCE42A6AE07100EF43CC /* resorts.json in Resources */,
				A4CFBC3B2A69EAB00028B582 /* Preview Assets.xcassets in Resources */,
				A4CFBC382A69EAB00028B582 /* Assets.xcassets in Resources */,
			);
			runOnlyForDeploymentPostprocessing = 0;
		};
/* End PBXResourcesBuildPhase section */

/* Begin PBXSourcesBuildPhase section */
		A4CFBC2C2A69EAAF0028B582 /* Sources */ = {
			isa = PBXSourcesBuildPhase;
			buildActionMask = 2147483647;
			files = (
				A438CCEA2A6AEBAE00EF43CC /* WelcomeView.swift in Sources */,
				A438CCEE2A6AF70F00EF43CC /* SkiDetailsView.swift in Sources */,
				A438CCF02A6AF88D00EF43CC /* ResortDetailsView.swift in Sources */,
				A4852E7E2A6C4D240074992E /* Favorites.swift in Sources */,
				A4852E7C2A6C462B0074992E /* Facility.swift in Sources */,
				A4CFBC362A69EAAF0028B582 /* ContentView.swift in Sources */,
				A4CFBC342A69EAAF0028B582 /* SnowSeekerApp.swift in Sources */,
				A438CCEC2A6AF56700EF43CC /* ResortView.swift in Sources */,
				A438CCE62A6AE1A800EF43CC /* Resort.swift in Sources */,
				A438CCE82A6AE2AA00EF43CC /* Bundle-Decodable.swift in Sources */,
			);
			runOnlyForDeploymentPostprocessing = 0;
		};
/* End PBXSourcesBuildPhase section */

/* Begin XCBuildConfiguration section */
		A4CFBC3C2A69EAB00028B582 /* Debug */ = {
			isa = XCBuildConfiguration;
			buildSettings = {
				ALWAYS_SEARCH_USER_PATHS = NO;
				CLANG_ANALYZER_NONNULL = YES;
				CLANG_ANALYZER_NUMBER_OBJECT_CONVERSION = YES_AGGRESSIVE;
				CLANG_CXX_LANGUAGE_STANDARD = "gnu++20";
				CLANG_ENABLE_MODULES = YES;
				CLANG_ENABLE_OBJC_ARC = YES;
				CLANG_ENABLE_OBJC_WEAK = YES;
				CLANG_WARN_BLOCK_CAPTURE_AUTORELEASING = YES;
				CLANG_WARN_BOOL_CONVERSION = YES;
				CLANG_WARN_COMMA = YES;
				CLANG_WARN_CONSTANT_CONVERSION = YES;
				CLANG_WARN_DEPRECATED_OBJC_IMPLEMENTATIONS = YES;
				CLANG_WARN_DIRECT_OBJC_ISA_USAGE = YES_ERROR;
				CLANG_WARN_DOCUMENTATION_COMMENTS = YES;
				CLANG_WARN_EMPTY_BODY = YES;
				CLANG_WARN_ENUM_CONVERSION = YES;
				CLANG_WARN_INFINITE_RECURSION = YES;
				CLANG_WARN_INT_CONVERSION = YES;
				CLANG_WARN_NON_LITERAL_NULL_CONVERSION = YES;
				CLANG_WARN_OBJC_IMPLICIT_RETAIN_SELF = YES;
				CLANG_WARN_OBJC_LITERAL_CONVERSION = YES;
				CLANG_WARN_OBJC_ROOT_CLASS = YES_ERROR;
				CLANG_WARN_QUOTED_INCLUDE_IN_FRAMEWORK_HEADER = YES;
				CLANG_WARN_RANGE_LOOP_ANALYSIS = YES;
				CLANG_WARN_STRICT_PROTOTYPES = YES;
				CLANG_WARN_SUSPICIOUS_MOVE = YES;
				CLANG_WARN_UNGUARDED_AVAILABILITY = YES_AGGRESSIVE;
				CLANG_WARN_UNREACHABLE_CODE = YES;
				CLANG_WARN__DUPLICATE_METHOD_MATCH = YES;
				COPY_PHASE_STRIP = NO;
				DEBUG_INFORMATION_FORMAT = dwarf;
				ENABLE_STRICT_OBJC_MSGSEND = YES;
				ENABLE_TESTABILITY = YES;
				GCC_C_LANGUAGE_STANDARD = gnu11;
				GCC_DYNAMIC_NO_PIC = NO;
				GCC_NO_COMMON_BLOCKS = YES;
				GCC_OPTIMIZATION_LEVEL = 0;
				GCC_PREPROCESSOR_DEFINITIONS = (
					"DEBUG=1",
					"$(inherited)",
				);
				GCC_WARN_64_TO_32_BIT_CONVERSION = YES;
				GCC_WARN_ABOUT_RETURN_TYPE = YES_ERROR;
				GCC_WARN_UNDECLARED_SELECTOR = YES;
				GCC_WARN_UNINITIALIZED_AUTOS = YES_AGGRESSIVE;
				GCC_WARN_UNUSED_FUNCTION = YES;
				GCC_WARN_UNUSED_VARIABLE = YES;
				IPHONEOS_DEPLOYMENT_TARGET = 16.4;
				MTL_ENABLE_DEBUG_INFO = INCLUDE_SOURCE;
				MTL_FAST_MATH = YES;
				ONLY_ACTIVE_ARCH = YES;
				SDKROOT = iphoneos;
				SWIFT_ACTIVE_COMPILATION_CONDITIONS = DEBUG;
				SWIFT_OPTIMIZATION_LEVEL = "-Onone";
			};
			name = Debug;
		};
		A4CFBC3D2A69EAB00028B582 /* Release */ = {
			isa = XCBuildConfiguration;
			buildSettings = {
				ALWAYS_SEARCH_USER_PATHS = NO;
				CLANG_ANALYZER_NONNULL = YES;
				CLANG_ANALYZER_NUMBER_OBJECT_CONVERSION = YES_AGGRESSIVE;
				CLANG_CXX_LANGUAGE_STANDARD = "gnu++20";
				CLANG_ENABLE_MODULES = YES;
				CLANG_ENABLE_OBJC_ARC = YES;
				CLANG_ENABLE_OBJC_WEAK = YES;
				CLANG_WARN_BLOCK_CAPTURE_AUTORELEASING = YES;
				CLANG_WARN_BOOL_CONVERSION = YES;
				CLANG_WARN_COMMA = YES;
				CLANG_WARN_CONSTANT_CONVERSION = YES;
				CLANG_WARN_DEPRECATED_OBJC_IMPLEMENTATIONS = YES;
				CLANG_WARN_DIRECT_OBJC_ISA_USAGE = YES_ERROR;
				CLANG_WARN_DOCUMENTATION_COMMENTS = YES;
				CLANG_WARN_EMPTY_BODY = YES;
				CLANG_WARN_ENUM_CONVERSION = YES;
				CLANG_WARN_INFINITE_RECURSION = YES;
				CLANG_WARN_INT_CONVERSION = YES;
				CLANG_WARN_NON_LITERAL_NULL_CONVERSION = YES;
				CLANG_WARN_OBJC_IMPLICIT_RETAIN_SELF = YES;
				CLANG_WARN_OBJC_LITERAL_CONVERSION = YES;
				CLANG_WARN_OBJC_ROOT_CLASS = YES_ERROR;
				CLANG_WARN_QUOTED_INCLUDE_IN_FRAMEWORK_HEADER = YES;
				CLANG_WARN_RANGE_LOOP_ANALYSIS = YES;
				CLANG_WARN_STRICT_PROTOTYPES = YES;
				CLANG_WARN_SUSPICIOUS_MOVE = YES;
				CLANG_WARN_UNGUARDED_AVAILABILITY = YES_AGGRESSIVE;
				CLANG_WARN_UNREACHABLE_CODE = YES;
				CLANG_WARN__DUPLICATE_METHOD_MATCH = YES;
				COPY_PHASE_STRIP = NO;
				DEBUG_INFORMATION_FORMAT = "dwarf-with-dsym";
				ENABLE_NS_ASSERTIONS = NO;
				ENABLE_STRICT_OBJC_MSGSEND = YES;
				GCC_C_LANGUAGE_STANDARD = gnu11;
				GCC_NO_COMMON_BLOCKS = YES;
				GCC_WARN_64_TO_32_BIT_CONVERSION = YES;
				GCC_WARN_ABOUT_RETURN_TYPE = YES_ERROR;
				GCC_WARN_UNDECLARED_SELECTOR = YES;
				GCC_WARN_UNINITIALIZED_AUTOS = YES_AGGRESSIVE;
				GCC_WARN_UNUSED_FUNCTION = YES;
				GCC_WARN_UNUSED_VARIABLE = YES;
				IPHONEOS_DEPLOYMENT_TARGET = 16.4;
				MTL_ENABLE_DEBUG_INFO = NO;
				MTL_FAST_MATH = YES;
				SDKROOT = iphoneos;
				SWIFT_COMPILATION_MODE = wholemodule;
				SWIFT_OPTIMIZATION_LEVEL = "-O";
				VALIDATE_PRODUCT = YES;
			};
			name = Release;
		};
		A4CFBC3F2A69EAB00028B582 /* Debug */ = {
			isa = XCBuildConfiguration;
			buildSettings = {
				ASSETCATALOG_COMPILER_APPICON_NAME = AppIcon;
				ASSETCATALOG_COMPILER_GLOBAL_ACCENT_COLOR_NAME = AccentColor;
				CODE_SIGN_STYLE = Automatic;
				CURRENT_PROJECT_VERSION = 1;
				DEVELOPMENT_ASSET_PATHS = "\"SnowSeeker/Preview Content\"";
				DEVELOPMENT_TEAM = JK7SXFP9R2;
				ENABLE_PREVIEWS = YES;
				GENERATE_INFOPLIST_FILE = YES;
				INFOPLIST_KEY_UIApplicationSceneManifest_Generation = YES;
				INFOPLIST_KEY_UIApplicationSupportsIndirectInputEvents = YES;
				INFOPLIST_KEY_UILaunchScreen_Generation = YES;
				INFOPLIST_KEY_UISupportedInterfaceOrientations_iPad = "UIInterfaceOrientationPortrait UIInterfaceOrientationPortraitUpsideDown UIInterfaceOrientationLandscapeLeft UIInterfaceOrientationLandscapeRight";
				INFOPLIST_KEY_UISupportedInterfaceOrientations_iPhone = "UIInterfaceOrientationPortrait UIInterfaceOrientationLandscapeLeft UIInterfaceOrientationLandscapeRight";
				LD_RUNPATH_SEARCH_PATHS = (
					"$(inherited)",
					"@executable_path/Frameworks",
				);
				MARKETING_VERSION = 1.0;
				PRODUCT_BUNDLE_IDENTIFIER = Uriel.SnowSeeker;
				PRODUCT_NAME = "$(TARGET_NAME)";
				SWIFT_EMIT_LOC_STRINGS = YES;
				SWIFT_VERSION = 5.0;
				TARGETED_DEVICE_FAMILY = "1,2";
			};
			name = Debug;
		};
		A4CFBC402A69EAB00028B582 /* Release */ = {
			isa = XCBuildConfiguration;
			buildSettings = {
				ASSETCATALOG_COMPILER_APPICON_NAME = AppIcon;
				ASSETCATALOG_COMPILER_GLOBAL_ACCENT_COLOR_NAME = AccentColor;
				CODE_SIGN_STYLE = Automatic;
				CURRENT_PROJECT_VERSION = 1;
				DEVELOPMENT_ASSET_PATHS = "\"SnowSeeker/Preview Content\"";
				DEVELOPMENT_TEAM = JK7SXFP9R2;
				ENABLE_PREVIEWS = YES;
				GENERATE_INFOPLIST_FILE = YES;
				INFOPLIST_KEY_UIApplicationSceneManifest_Generation = YES;
				INFOPLIST_KEY_UIApplicationSupportsIndirectInputEvents = YES;
				INFOPLIST_KEY_UILaunchScreen_Generation = YES;
				INFOPLIST_KEY_UISupportedInterfaceOrientations_iPad = "UIInterfaceOrientationPortrait UIInterfaceOrientationPortraitUpsideDown UIInterfaceOrientationLandscapeLeft UIInterfaceOrientationLandscapeRight";
				INFOPLIST_KEY_UISupportedInterfaceOrientations_iPhone = "UIInterfaceOrientationPortrait UIInterfaceOrientationLandscapeLeft UIInterfaceOrientationLandscapeRight";
				LD_RUNPATH_SEARCH_PATHS = (
					"$(inherited)",
					"@executable_path/Frameworks",
				);
				MARKETING_VERSION = 1.0;
				PRODUCT_BUNDLE_IDENTIFIER = Uriel.SnowSeeker;
				PRODUCT_NAME = "$(TARGET_NAME)";
				SWIFT_EMIT_LOC_STRINGS = YES;
				SWIFT_VERSION = 5.0;
				TARGETED_DEVICE_FAMILY = "1,2";
			};
			name = Release;
		};
/* End XCBuildConfiguration section */

/* Begin XCConfigurationList section */
		A4CFBC2B2A69EAAF0028B582 /* Build configuration list for PBXProject "SnowSeeker" */ = {
			isa = XCConfigurationList;
			buildConfigurations = (
				A4CFBC3C2A69EAB00028B582 /* Debug */,
				A4CFBC3D2A69EAB00028B582 /* Release */,
			);
			defaultConfigurationIsVisible = 0;
			defaultConfigurationName = Release;
		};
		A4CFBC3E2A69EAB00028B582 /* Build configuration list for PBXNativeTarget "SnowSeeker" */ = {
			isa = XCConfigurationList;
			buildConfigurations = (
				A4CFBC3F2A69EAB00028B582 /* Debug */,
				A4CFBC402A69EAB00028B582 /* Release */,
			);
			defaultConfigurationIsVisible = 0;
			defaultConfigurationName = Release;
		};
/* End XCConfigurationList section */
	};
	rootObject = A4CFBC282A69EAAF0028B582 /* Project object */;
}
